
Microsoft Visual Studio Solution File, Format Version 12.00
# Visual Studio Version 17
VisualStudioVersion = 17.3.32819.101
MinimumVisualStudioVersion = 10.0.40219.1
Project("{2150E333-8FDC-42A3-9474-1A3956D46DE8}") = "src", "src", "{3670FC09-33A9-4CC4-9CF2-EE2AC0258D50}"
EndProject
Project("{2150E333-8FDC-42A3-9474-1A3956D46DE8}") = "corePackages", "corePackages", "{F60CB107-9CF4-4484-A452-53A462FBEF31}"
EndProject
Project("{9A19103F-16F7-4668-BE54-9A1E7A4F7556}") = "Core.Application", "src\corePackages\Core.Application\Core.Application.csproj", "{B4F41886-A6FE-4F8A-A8F7-D1414A5B243B}"
EndProject
Project("{9A19103F-16F7-4668-BE54-9A1E7A4F7556}") = "Core.CrossCuttingConcerns", "src\corePackages\Core.CrossCuttingConcerns\Core.CrossCuttingConcerns.csproj", "{232100EE-7F70-4B6C-B196-091A7C5F3947}"
EndProject
Project("{9A19103F-16F7-4668-BE54-9A1E7A4F7556}") = "Core.Persistence", "src\corePackages\Core.Persistence\Core.Persistence.csproj", "{E691D81B-E721-4929-8E23-B6D8D2E60E23}"
EndProject
Project("{2150E333-8FDC-42A3-9474-1A3956D46DE8}") = "Devs", "Devs", "{953234F6-3640-4041-8959-841B09C7BB60}"
EndProject
Project("{2150E333-8FDC-42A3-9474-1A3956D46DE8}") = "Presentation", "Presentation", "{DF536EB3-F539-42E4-BEEF-50D93C123F56}"
EndProject
Project("{2150E333-8FDC-42A3-9474-1A3956D46DE8}") = "WebApi", "WebApi", "{F7BA2A09-25EC-45F6-8544-409A4118495D}"
EndProject
Project("{9A19103F-16F7-4668-BE54-9A1E7A4F7556}") = "Application", "src\Devs\Application\Application.csproj", "{8B1072E1-C021-4D2B-9703-473029577E98}"
EndProject
Project("{9A19103F-16F7-4668-BE54-9A1E7A4F7556}") = "Domain", "src\Devs\Domain\Domain.csproj", "{46DCB591-1FC7-4BD2-93A7-E42DC58DA1CC}"
EndProject
Project("{9A19103F-16F7-4668-BE54-9A1E7A4F7556}") = "Infrastructure", "src\Devs\Infrastructure\Infrastructure.csproj", "{D5F02369-2B2C-4689-91B7-F285020AF3F4}"
EndProject
Project("{9A19103F-16F7-4668-BE54-9A1E7A4F7556}") = "Persistence", "src\Devs\Persistence\Persistence.csproj", "{E99503D8-AC66-4213-8D17-BAAC7C5DCF7C}"
EndProject
Project("{9A19103F-16F7-4668-BE54-9A1E7A4F7556}") = "Core.Security", "src\corePackages\Core.Security\Core.Security.csproj", "{EBC7D3B1-EF73-458D-97FA-B67A67491391}"
EndProject
Project("{FAE04EC0-301F-11D3-BF4B-00C04F79EFBC}") = "WebAPI", "src\Presentation\WebApi\WebAPI\WebAPI.csproj", "{5FA3DE76-633D-4051-84D2-FF58D3D09AB2}"
EndProject
Global
	GlobalSection(SolutionConfigurationPlatforms) = preSolution
		Debug|Any CPU = Debug|Any CPU
		Release|Any CPU = Release|Any CPU
	EndGlobalSection
	GlobalSection(ProjectConfigurationPlatforms) = postSolution
		{B4F41886-A6FE-4F8A-A8F7-D1414A5B243B}.Debug|Any CPU.ActiveCfg = Debug|Any CPU
		{B4F41886-A6FE-4F8A-A8F7-D1414A5B243B}.Debug|Any CPU.Build.0 = Debug|Any CPU
		{B4F41886-A6FE-4F8A-A8F7-D1414A5B243B}.Release|Any CPU.ActiveCfg = Release|Any CPU
		{B4F41886-A6FE-4F8A-A8F7-D1414A5B243B}.Release|Any CPU.Build.0 = Release|Any CPU
		{232100EE-7F70-4B6C-B196-091A7C5F3947}.Debug|Any CPU.ActiveCfg = Debug|Any CPU
		{232100EE-7F70-4B6C-B196-091A7C5F3947}.Debug|Any CPU.Build.0 = Debug|Any CPU
		{232100EE-7F70-4B6C-B196-091A7C5F3947}.Release|Any CPU.ActiveCfg = Release|Any CPU
		{232100EE-7F70-4B6C-B196-091A7C5F3947}.Release|Any CPU.Build.0 = Release|Any CPU
		{E691D81B-E721-4929-8E23-B6D8D2E60E23}.Debug|Any CPU.ActiveCfg = Debug|Any CPU
		{E691D81B-E721-4929-8E23-B6D8D2E60E23}.Debug|Any CPU.Build.0 = Debug|Any CPU
		{E691D81B-E721-4929-8E23-B6D8D2E60E23}.Release|Any CPU.ActiveCfg = Release|Any CPU
		{E691D81B-E721-4929-8E23-B6D8D2E60E23}.Release|Any CPU.Build.0 = Release|Any CPU
		{8B1072E1-C021-4D2B-9703-473029577E98}.Debug|Any CPU.ActiveCfg = Debug|Any CPU
		{8B1072E1-C021-4D2B-9703-473029577E98}.Debug|Any CPU.Build.0 = Debug|Any CPU
		{8B1072E1-C021-4D2B-9703-473029577E98}.Release|Any CPU.ActiveCfg = Release|Any CPU
		{8B1072E1-C021-4D2B-9703-473029577E98}.Release|Any CPU.Build.0 = Release|Any CPU
		{46DCB591-1FC7-4BD2-93A7-E42DC58DA1CC}.Debug|Any CPU.ActiveCfg = Debug|Any CPU
		{46DCB591-1FC7-4BD2-93A7-E42DC58DA1CC}.Debug|Any CPU.Build.0 = Debug|Any CPU
		{46DCB591-1FC7-4BD2-93A7-E42DC58DA1CC}.Release|Any CPU.ActiveCfg = Release|Any CPU
		{46DCB591-1FC7-4BD2-93A7-E42DC58DA1CC}.Release|Any CPU.Build.0 = Release|Any CPU
		{D5F02369-2B2C-4689-91B7-F285020AF3F4}.Debug|Any CPU.ActiveCfg = Debug|Any CPU
		{D5F02369-2B2C-4689-91B7-F285020AF3F4}.Debug|Any CPU.Build.0 = Debug|Any CPU
		{D5F02369-2B2C-4689-91B7-F285020AF3F4}.Release|Any CPU.ActiveCfg = Release|Any CPU
		{D5F02369-2B2C-4689-91B7-F285020AF3F4}.Release|Any CPU.Build.0 = Release|Any CPU
		{E99503D8-AC66-4213-8D17-BAAC7C5DCF7C}.Debug|Any CPU.ActiveCfg = Debug|Any CPU
		{E99503D8-AC66-4213-8D17-BAAC7C5DCF7C}.Debug|Any CPU.Build.0 = Debug|Any CPU
		{E99503D8-AC66-4213-8D17-BAAC7C5DCF7C}.Release|Any CPU.ActiveCfg = Release|Any CPU
		{E99503D8-AC66-4213-8D17-BAAC7C5DCF7C}.Release|Any CPU.Build.0 = Release|Any CPU
		{EBC7D3B1-EF73-458D-97FA-B67A67491391}.Debug|Any CPU.ActiveCfg = Debug|Any CPU
		{EBC7D3B1-EF73-458D-97FA-B67A67491391}.Debug|Any CPU.Build.0 = Debug|Any CPU
		{EBC7D3B1-EF73-458D-97FA-B67A67491391}.Release|Any CPU.ActiveCfg = Release|Any CPU
		{EBC7D3B1-EF73-458D-97FA-B67A67491391}.Release|Any CPU.Build.0 = Release|Any CPU
		{5FA3DE76-633D-4051-84D2-FF58D3D09AB2}.Debug|Any CPU.ActiveCfg = Debug|Any CPU
		{5FA3DE76-633D-4051-84D2-FF58D3D09AB2}.Debug|Any CPU.Build.0 = Debug|Any CPU
		{5FA3DE76-633D-4051-84D2-FF58D3D09AB2}.Release|Any CPU.ActiveCfg = Release|Any CPU
		{5FA3DE76-633D-4051-84D2-FF58D3D09AB2}.Release|Any CPU.Build.0 = Release|Any CPU
	EndGlobalSection
	GlobalSection(SolutionProperties) = preSolution
		HideSolutionNode = FALSE
	EndGlobalSection
	GlobalSection(NestedProjects) = preSolution
		{F60CB107-9CF4-4484-A452-53A462FBEF31} = {3670FC09-33A9-4CC4-9CF2-EE2AC0258D50}
		{B4F41886-A6FE-4F8A-A8F7-D1414A5B243B} = {F60CB107-9CF4-4484-A452-53A462FBEF31}
		{232100EE-7F70-4B6C-B196-091A7C5F3947} = {F60CB107-9CF4-4484-A452-53A462FBEF31}
		{E691D81B-E721-4929-8E23-B6D8D2E60E23} = {F60CB107-9CF4-4484-A452-53A462FBEF31}
		{953234F6-3640-4041-8959-841B09C7BB60} = {3670FC09-33A9-4CC4-9CF2-EE2AC0258D50}
		{DF536EB3-F539-42E4-BEEF-50D93C123F56} = {3670FC09-33A9-4CC4-9CF2-EE2AC0258D50}
		{F7BA2A09-25EC-45F6-8544-409A4118495D} = {DF536EB3-F539-42E4-BEEF-50D93C123F56}
		{8B1072E1-C021-4D2B-9703-473029577E98} = {953234F6-3640-4041-8959-841B09C7BB60}
		{46DCB591-1FC7-4BD2-93A7-E42DC58DA1CC} = {953234F6-3640-4041-8959-841B09C7BB60}
		{D5F02369-2B2C-4689-91B7-F285020AF3F4} = {953234F6-3640-4041-8959-841B09C7BB60}
		{E99503D8-AC66-4213-8D17-BAAC7C5DCF7C} = {953234F6-3640-4041-8959-841B09C7BB60}
		{EBC7D3B1-EF73-458D-97FA-B67A67491391} = {F60CB107-9CF4-4484-A452-53A462FBEF31}
		{5FA3DE76-633D-4051-84D2-FF58D3D09AB2} = {F7BA2A09-25EC-45F6-8544-409A4118495D}
	EndGlobalSection
	GlobalSection(ExtensibilityGlobals) = postSolution
		SolutionGuid = {D6470FC1-E6FA-4C79-8988-49D34D4E2747}
	EndGlobalSection
EndGlobal
